
Microsoft Visual Studio Solution File, Format Version 12.00
# Visual Studio Version 16
VisualStudioVersion = 16.0.29728.190
MinimumVisualStudioVersion = 10.0.40219.1
Project("{9A19103F-16F7-4668-BE54-9A1E7A4F7556}") = "GetSqureroot", "Training-101\GetSqureroot.csproj", "{6B96162F-A827-4666-BA10-9A715760BD36}"
EndProject
Project("{9A19103F-16F7-4668-BE54-9A1E7A4F7556}") = "Excel", "Training-102\Excel.csproj", "{93A6C5DE-8EF5-4146-B797-FDA92173298B}"
EndProject
Project("{9A19103F-16F7-4668-BE54-9A1E7A4F7556}") = "FibonacciSeries", "FibonacciSeries\FibonacciSeries.csproj", "{F7ED354A-8662-4472-9C23-779D173165C7}"
EndProject
Project("{9A19103F-16F7-4668-BE54-9A1E7A4F7556}") = "MaximumInAnArray", "MaximumInAnArray\MaximumInAnArray.csproj", "{747F63BB-B5E4-4886-A0E6-205B3FFF0CAC}"
EndProject
Project("{9A19103F-16F7-4668-BE54-9A1E7A4F7556}") = "Loop", "Loop\Loop.csproj", "{B536A6BE-5F61-4020-A206-BE1E69CAC9A6}"
EndProject
Project("{9A19103F-16F7-4668-BE54-9A1E7A4F7556}") = "SelectionSort", "SelectionSort\SelectionSort.csproj", "{D661231C-AEBA-4956-B1D8-F3C1A9596A60}"
EndProject
Project("{9A19103F-16F7-4668-BE54-9A1E7A4F7556}") = "BubbleSort", "BubbleSort\BubbleSort.csproj", "{7390B623-0B46-4F72-B54E-A26EAE01F3BA}"
EndProject
Project("{9A19103F-16F7-4668-BE54-9A1E7A4F7556}") = "InsertionSort", "InsertionSort\InsertionSort.csproj", "{55B1EA8A-2730-48CA-AF40-EFBA9EA93258}"
EndProject
Project("{9A19103F-16F7-4668-BE54-9A1E7A4F7556}") = "Addition", "Addition\Addition.csproj", "{95D2BD6A-09E5-466A-A4C2-361FCE43A7A6}"
EndProject
Project("{9A19103F-16F7-4668-BE54-9A1E7A4F7556}") = "LinearSearch", "LinearSearch\LinearSearch.csproj", "{1DE474E9-1E12-4BA3-B40C-3F5BFE1D498F}"
EndProject
Project("{9A19103F-16F7-4668-BE54-9A1E7A4F7556}") = "StackFunctionalities", "StackFunctionalities\StackFunctionalities.csproj", "{4AC40F4E-7399-4F47-8BF1-B1C058FE35FA}"
EndProject
Project("{9A19103F-16F7-4668-BE54-9A1E7A4F7556}") = "CheckBalancedParanthesis", "CheckBalancedParanthesis\CheckBalancedParanthesis.csproj", "{494E0A22-9A19-4A1E-80F3-791A8D8EB25F}"
EndProject
Project("{9A19103F-16F7-4668-BE54-9A1E7A4F7556}") = "FindPower", "FindPower\FindPower.csproj", "{50C63F73-F403-4E11-9FC3-98524A5D3C1B}"
EndProject
Project("{9A19103F-16F7-4668-BE54-9A1E7A4F7556}") = "MultiplicationTable", "MultiplicationTable\MultiplicationTable.csproj", "{9F23E10C-D0E5-4E09-AE48-4D8F0BB90A52}"
EndProject
Project("{9A19103F-16F7-4668-BE54-9A1E7A4F7556}") = "ValidationWithRegularExpression", "ValidationWithRegularExpression\ValidationWithRegularExpression.csproj", "{12F69220-7B10-4C29-B4BC-CBC4657E453A}"
EndProject
Project("{9A19103F-16F7-4668-BE54-9A1E7A4F7556}") = "EmployeeList", "EmployeeList\EmployeeList.csproj", "{BD4F4CC9-6BE2-4DB4-A7A5-FC3D3D29CB47}"
EndProject
Project("{9A19103F-16F7-4668-BE54-9A1E7A4F7556}") = "UnitTestForEmployeeList", "UnitTestForEmployeeList\UnitTestForEmployeeList.csproj", "{163E0E8A-0CE0-4638-AA49-45C8A6D6713C}"
EndProject
Project("{2150E333-8FDC-42A3-9474-1A3956D46DE8}") = "src", "src", "{6F585382-D00A-48E4-827F-D117138E3027}"
EndProject
Project("{2150E333-8FDC-42A3-9474-1A3956D46DE8}") = "tests", "tests", "{5F30750E-FA36-481A-869C-62F907D5E83E}"
EndProject
Project("{9A19103F-16F7-4668-BE54-9A1E7A4F7556}") = "AreaOfShapes", "AreaOfRectangle\AreaOfShapes.csproj", "{DA448154-A7B0-4A31-966D-D155915F6CF0}"
EndProject
Project("{9A19103F-16F7-4668-BE54-9A1E7A4F7556}") = "StaticFields", "StaticFields\StaticFields.csproj", "{C0607470-8D8C-4D38-8DCF-4A52EDD54523}"
EndProject
Project("{9A19103F-16F7-4668-BE54-9A1E7A4F7556}") = "SpeedCalculator", "SpeedCalculator\SpeedCalculator.csproj", "{F7583B43-2D47-45B9-9350-14374694BFE2}"
EndProject
Project("{9A19103F-16F7-4668-BE54-9A1E7A4F7556}") = "FindNumbers", "FindNumbers\FindNumbers.csproj", "{F0C5402A-F645-4892-AA2C-7F1D3DAD19E1}"
EndProject
Project("{9A19103F-16F7-4668-BE54-9A1E7A4F7556}") = "StudentResult", "StudentResult\StudentResult.csproj", "{438505E0-87A0-4FCA-A747-CA879F3B5421}"
EndProject
Project("{9A19103F-16F7-4668-BE54-9A1E7A4F7556}") = "LambdaExpression", "LambdaExpression\LambdaExpression.csproj", "{15E5FBD4-AEBF-4C40-B8B6-743DA428B33F}"
EndProject
Project("{9A19103F-16F7-4668-BE54-9A1E7A4F7556}") = "Generics", "Generics\Generics.csproj", "{918B47D1-C4F3-42A3-BA69-B18DB7E424BD}"
EndProject
Project("{9A19103F-16F7-4668-BE54-9A1E7A4F7556}") = "UseOfAsOperator", "UseOfAsOperator\UseOfAsOperator.csproj", "{550788BE-92F8-4601-A93A-A8485F83281C}"
EndProject
Project("{9A19103F-16F7-4668-BE54-9A1E7A4F7556}") = "BasicsOfDelegate", "BasicsOfDelegate\BasicsOfDelegate.csproj", "{9BF01A55-6D7B-4212-9911-0FF53D8A386B}"
EndProject
Project("{9A19103F-16F7-4668-BE54-9A1E7A4F7556}") = "FindMinimumNoOfPlatform", "FindMinimumNoOfPlatform\FindMinimumNoOfPlatform.csproj", "{DCCBCEF9-9FDE-4AE6-AE08-E392242CA315}"
EndProject
Project("{FAE04EC0-301F-11D3-BF4B-00C04F79EFBC}") = "ExtensionMethod", "ExtensionMethod\ExtensionMethod.csproj", "{13694794-359D-4298-BB67-C751E9A54A39}"
EndProject
Global
	GlobalSection(SolutionConfigurationPlatforms) = preSolution
		Debug|Any CPU = Debug|Any CPU
		Release|Any CPU = Release|Any CPU
	EndGlobalSection
	GlobalSection(ProjectConfigurationPlatforms) = postSolution
		{6B96162F-A827-4666-BA10-9A715760BD36}.Debug|Any CPU.ActiveCfg = Debug|Any CPU
		{6B96162F-A827-4666-BA10-9A715760BD36}.Debug|Any CPU.Build.0 = Debug|Any CPU
		{6B96162F-A827-4666-BA10-9A715760BD36}.Release|Any CPU.ActiveCfg = Release|Any CPU
		{6B96162F-A827-4666-BA10-9A715760BD36}.Release|Any CPU.Build.0 = Release|Any CPU
		{93A6C5DE-8EF5-4146-B797-FDA92173298B}.Debug|Any CPU.ActiveCfg = Debug|Any CPU
		{93A6C5DE-8EF5-4146-B797-FDA92173298B}.Debug|Any CPU.Build.0 = Debug|Any CPU
		{93A6C5DE-8EF5-4146-B797-FDA92173298B}.Release|Any CPU.ActiveCfg = Release|Any CPU
		{93A6C5DE-8EF5-4146-B797-FDA92173298B}.Release|Any CPU.Build.0 = Release|Any CPU
		{F7ED354A-8662-4472-9C23-779D173165C7}.Debug|Any CPU.ActiveCfg = Debug|Any CPU
		{F7ED354A-8662-4472-9C23-779D173165C7}.Debug|Any CPU.Build.0 = Debug|Any CPU
		{F7ED354A-8662-4472-9C23-779D173165C7}.Release|Any CPU.ActiveCfg = Release|Any CPU
		{F7ED354A-8662-4472-9C23-779D173165C7}.Release|Any CPU.Build.0 = Release|Any CPU
		{747F63BB-B5E4-4886-A0E6-205B3FFF0CAC}.Debug|Any CPU.ActiveCfg = Debug|Any CPU
		{747F63BB-B5E4-4886-A0E6-205B3FFF0CAC}.Debug|Any CPU.Build.0 = Debug|Any CPU
		{747F63BB-B5E4-4886-A0E6-205B3FFF0CAC}.Release|Any CPU.ActiveCfg = Release|Any CPU
		{747F63BB-B5E4-4886-A0E6-205B3FFF0CAC}.Release|Any CPU.Build.0 = Release|Any CPU
		{B536A6BE-5F61-4020-A206-BE1E69CAC9A6}.Debug|Any CPU.ActiveCfg = Debug|Any CPU
		{B536A6BE-5F61-4020-A206-BE1E69CAC9A6}.Debug|Any CPU.Build.0 = Debug|Any CPU
		{B536A6BE-5F61-4020-A206-BE1E69CAC9A6}.Release|Any CPU.ActiveCfg = Release|Any CPU
		{B536A6BE-5F61-4020-A206-BE1E69CAC9A6}.Release|Any CPU.Build.0 = Release|Any CPU
		{D661231C-AEBA-4956-B1D8-F3C1A9596A60}.Debug|Any CPU.ActiveCfg = Debug|Any CPU
		{D661231C-AEBA-4956-B1D8-F3C1A9596A60}.Debug|Any CPU.Build.0 = Debug|Any CPU
		{D661231C-AEBA-4956-B1D8-F3C1A9596A60}.Release|Any CPU.ActiveCfg = Release|Any CPU
		{D661231C-AEBA-4956-B1D8-F3C1A9596A60}.Release|Any CPU.Build.0 = Release|Any CPU
		{7390B623-0B46-4F72-B54E-A26EAE01F3BA}.Debug|Any CPU.ActiveCfg = Debug|Any CPU
		{7390B623-0B46-4F72-B54E-A26EAE01F3BA}.Debug|Any CPU.Build.0 = Debug|Any CPU
		{7390B623-0B46-4F72-B54E-A26EAE01F3BA}.Release|Any CPU.ActiveCfg = Release|Any CPU
		{7390B623-0B46-4F72-B54E-A26EAE01F3BA}.Release|Any CPU.Build.0 = Release|Any CPU
		{55B1EA8A-2730-48CA-AF40-EFBA9EA93258}.Debug|Any CPU.ActiveCfg = Debug|Any CPU
		{55B1EA8A-2730-48CA-AF40-EFBA9EA93258}.Debug|Any CPU.Build.0 = Debug|Any CPU
		{55B1EA8A-2730-48CA-AF40-EFBA9EA93258}.Release|Any CPU.ActiveCfg = Release|Any CPU
		{55B1EA8A-2730-48CA-AF40-EFBA9EA93258}.Release|Any CPU.Build.0 = Release|Any CPU
		{95D2BD6A-09E5-466A-A4C2-361FCE43A7A6}.Debug|Any CPU.ActiveCfg = Debug|Any CPU
		{95D2BD6A-09E5-466A-A4C2-361FCE43A7A6}.Debug|Any CPU.Build.0 = Debug|Any CPU
		{95D2BD6A-09E5-466A-A4C2-361FCE43A7A6}.Release|Any CPU.ActiveCfg = Release|Any CPU
		{95D2BD6A-09E5-466A-A4C2-361FCE43A7A6}.Release|Any CPU.Build.0 = Release|Any CPU
		{1DE474E9-1E12-4BA3-B40C-3F5BFE1D498F}.Debug|Any CPU.ActiveCfg = Debug|Any CPU
		{1DE474E9-1E12-4BA3-B40C-3F5BFE1D498F}.Debug|Any CPU.Build.0 = Debug|Any CPU
		{1DE474E9-1E12-4BA3-B40C-3F5BFE1D498F}.Release|Any CPU.ActiveCfg = Release|Any CPU
		{1DE474E9-1E12-4BA3-B40C-3F5BFE1D498F}.Release|Any CPU.Build.0 = Release|Any CPU
		{4AC40F4E-7399-4F47-8BF1-B1C058FE35FA}.Debug|Any CPU.ActiveCfg = Debug|Any CPU
		{4AC40F4E-7399-4F47-8BF1-B1C058FE35FA}.Debug|Any CPU.Build.0 = Debug|Any CPU
		{4AC40F4E-7399-4F47-8BF1-B1C058FE35FA}.Release|Any CPU.ActiveCfg = Release|Any CPU
		{4AC40F4E-7399-4F47-8BF1-B1C058FE35FA}.Release|Any CPU.Build.0 = Release|Any CPU
		{494E0A22-9A19-4A1E-80F3-791A8D8EB25F}.Debug|Any CPU.ActiveCfg = Debug|Any CPU
		{494E0A22-9A19-4A1E-80F3-791A8D8EB25F}.Debug|Any CPU.Build.0 = Debug|Any CPU
		{494E0A22-9A19-4A1E-80F3-791A8D8EB25F}.Release|Any CPU.ActiveCfg = Release|Any CPU
		{494E0A22-9A19-4A1E-80F3-791A8D8EB25F}.Release|Any CPU.Build.0 = Release|Any CPU
		{50C63F73-F403-4E11-9FC3-98524A5D3C1B}.Debug|Any CPU.ActiveCfg = Debug|Any CPU
		{50C63F73-F403-4E11-9FC3-98524A5D3C1B}.Debug|Any CPU.Build.0 = Debug|Any CPU
		{50C63F73-F403-4E11-9FC3-98524A5D3C1B}.Release|Any CPU.ActiveCfg = Release|Any CPU
		{50C63F73-F403-4E11-9FC3-98524A5D3C1B}.Release|Any CPU.Build.0 = Release|Any CPU
		{9F23E10C-D0E5-4E09-AE48-4D8F0BB90A52}.Debug|Any CPU.ActiveCfg = Debug|Any CPU
		{9F23E10C-D0E5-4E09-AE48-4D8F0BB90A52}.Debug|Any CPU.Build.0 = Debug|Any CPU
		{9F23E10C-D0E5-4E09-AE48-4D8F0BB90A52}.Release|Any CPU.ActiveCfg = Release|Any CPU
		{9F23E10C-D0E5-4E09-AE48-4D8F0BB90A52}.Release|Any CPU.Build.0 = Release|Any CPU
		{12F69220-7B10-4C29-B4BC-CBC4657E453A}.Debug|Any CPU.ActiveCfg = Debug|Any CPU
		{12F69220-7B10-4C29-B4BC-CBC4657E453A}.Debug|Any CPU.Build.0 = Debug|Any CPU
		{12F69220-7B10-4C29-B4BC-CBC4657E453A}.Release|Any CPU.ActiveCfg = Release|Any CPU
		{12F69220-7B10-4C29-B4BC-CBC4657E453A}.Release|Any CPU.Build.0 = Release|Any CPU
		{BD4F4CC9-6BE2-4DB4-A7A5-FC3D3D29CB47}.Debug|Any CPU.ActiveCfg = Debug|Any CPU
		{BD4F4CC9-6BE2-4DB4-A7A5-FC3D3D29CB47}.Debug|Any CPU.Build.0 = Debug|Any CPU
		{BD4F4CC9-6BE2-4DB4-A7A5-FC3D3D29CB47}.Release|Any CPU.ActiveCfg = Release|Any CPU
		{BD4F4CC9-6BE2-4DB4-A7A5-FC3D3D29CB47}.Release|Any CPU.Build.0 = Release|Any CPU
		{163E0E8A-0CE0-4638-AA49-45C8A6D6713C}.Debug|Any CPU.ActiveCfg = Debug|Any CPU
		{163E0E8A-0CE0-4638-AA49-45C8A6D6713C}.Debug|Any CPU.Build.0 = Debug|Any CPU
		{163E0E8A-0CE0-4638-AA49-45C8A6D6713C}.Release|Any CPU.ActiveCfg = Release|Any CPU
		{163E0E8A-0CE0-4638-AA49-45C8A6D6713C}.Release|Any CPU.Build.0 = Release|Any CPU
		{DA448154-A7B0-4A31-966D-D155915F6CF0}.Debug|Any CPU.ActiveCfg = Debug|Any CPU
		{DA448154-A7B0-4A31-966D-D155915F6CF0}.Debug|Any CPU.Build.0 = Debug|Any CPU
		{DA448154-A7B0-4A31-966D-D155915F6CF0}.Release|Any CPU.ActiveCfg = Release|Any CPU
		{DA448154-A7B0-4A31-966D-D155915F6CF0}.Release|Any CPU.Build.0 = Release|Any CPU
		{C0607470-8D8C-4D38-8DCF-4A52EDD54523}.Debug|Any CPU.ActiveCfg = Debug|Any CPU
		{C0607470-8D8C-4D38-8DCF-4A52EDD54523}.Debug|Any CPU.Build.0 = Debug|Any CPU
		{C0607470-8D8C-4D38-8DCF-4A52EDD54523}.Release|Any CPU.ActiveCfg = Release|Any CPU
		{C0607470-8D8C-4D38-8DCF-4A52EDD54523}.Release|Any CPU.Build.0 = Release|Any CPU
		{F7583B43-2D47-45B9-9350-14374694BFE2}.Debug|Any CPU.ActiveCfg = Debug|Any CPU
		{F7583B43-2D47-45B9-9350-14374694BFE2}.Debug|Any CPU.Build.0 = Debug|Any CPU
		{F7583B43-2D47-45B9-9350-14374694BFE2}.Release|Any CPU.ActiveCfg = Release|Any CPU
		{F7583B43-2D47-45B9-9350-14374694BFE2}.Release|Any CPU.Build.0 = Release|Any CPU
		{F0C5402A-F645-4892-AA2C-7F1D3DAD19E1}.Debug|Any CPU.ActiveCfg = Debug|Any CPU
		{F0C5402A-F645-4892-AA2C-7F1D3DAD19E1}.Debug|Any CPU.Build.0 = Debug|Any CPU
		{F0C5402A-F645-4892-AA2C-7F1D3DAD19E1}.Release|Any CPU.ActiveCfg = Release|Any CPU
		{F0C5402A-F645-4892-AA2C-7F1D3DAD19E1}.Release|Any CPU.Build.0 = Release|Any CPU
		{438505E0-87A0-4FCA-A747-CA879F3B5421}.Debug|Any CPU.ActiveCfg = Debug|Any CPU
		{438505E0-87A0-4FCA-A747-CA879F3B5421}.Debug|Any CPU.Build.0 = Debug|Any CPU
		{438505E0-87A0-4FCA-A747-CA879F3B5421}.Release|Any CPU.ActiveCfg = Release|Any CPU
		{438505E0-87A0-4FCA-A747-CA879F3B5421}.Release|Any CPU.Build.0 = Release|Any CPU
		{15E5FBD4-AEBF-4C40-B8B6-743DA428B33F}.Debug|Any CPU.ActiveCfg = Debug|Any CPU
		{15E5FBD4-AEBF-4C40-B8B6-743DA428B33F}.Debug|Any CPU.Build.0 = Debug|Any CPU
		{15E5FBD4-AEBF-4C40-B8B6-743DA428B33F}.Release|Any CPU.ActiveCfg = Release|Any CPU
		{15E5FBD4-AEBF-4C40-B8B6-743DA428B33F}.Release|Any CPU.Build.0 = Release|Any CPU
		{918B47D1-C4F3-42A3-BA69-B18DB7E424BD}.Debug|Any CPU.ActiveCfg = Debug|Any CPU
		{918B47D1-C4F3-42A3-BA69-B18DB7E424BD}.Debug|Any CPU.Build.0 = Debug|Any CPU
		{918B47D1-C4F3-42A3-BA69-B18DB7E424BD}.Release|Any CPU.ActiveCfg = Release|Any CPU
		{918B47D1-C4F3-42A3-BA69-B18DB7E424BD}.Release|Any CPU.Build.0 = Release|Any CPU
		{550788BE-92F8-4601-A93A-A8485F83281C}.Debug|Any CPU.ActiveCfg = Debug|Any CPU
		{550788BE-92F8-4601-A93A-A8485F83281C}.Debug|Any CPU.Build.0 = Debug|Any CPU
		{550788BE-92F8-4601-A93A-A8485F83281C}.Release|Any CPU.ActiveCfg = Release|Any CPU
		{550788BE-92F8-4601-A93A-A8485F83281C}.Release|Any CPU.Build.0 = Release|Any CPU
		{9BF01A55-6D7B-4212-9911-0FF53D8A386B}.Debug|Any CPU.ActiveCfg = Debug|Any CPU
		{9BF01A55-6D7B-4212-9911-0FF53D8A386B}.Debug|Any CPU.Build.0 = Debug|Any CPU
		{9BF01A55-6D7B-4212-9911-0FF53D8A386B}.Release|Any CPU.ActiveCfg = Release|Any CPU
		{9BF01A55-6D7B-4212-9911-0FF53D8A386B}.Release|Any CPU.Build.0 = Release|Any CPU
		{DCCBCEF9-9FDE-4AE6-AE08-E392242CA315}.Debug|Any CPU.ActiveCfg = Debug|Any CPU
		{DCCBCEF9-9FDE-4AE6-AE08-E392242CA315}.Debug|Any CPU.Build.0 = Debug|Any CPU
		{DCCBCEF9-9FDE-4AE6-AE08-E392242CA315}.Release|Any CPU.ActiveCfg = Release|Any CPU
		{DCCBCEF9-9FDE-4AE6-AE08-E392242CA315}.Release|Any CPU.Build.0 = Release|Any CPU
		{13694794-359D-4298-BB67-C751E9A54A39}.Debug|Any CPU.ActiveCfg = Debug|Any CPU
		{13694794-359D-4298-BB67-C751E9A54A39}.Debug|Any CPU.Build.0 = Debug|Any CPU
		{13694794-359D-4298-BB67-C751E9A54A39}.Release|Any CPU.ActiveCfg = Release|Any CPU
		{13694794-359D-4298-BB67-C751E9A54A39}.Release|Any CPU.Build.0 = Release|Any CPU
	EndGlobalSection
	GlobalSection(SolutionProperties) = preSolution
		HideSolutionNode = FALSE
	EndGlobalSection
	GlobalSection(NestedProjects) = preSolution
		{6B96162F-A827-4666-BA10-9A715760BD36} = {6F585382-D00A-48E4-827F-D117138E3027}
		{93A6C5DE-8EF5-4146-B797-FDA92173298B} = {6F585382-D00A-48E4-827F-D117138E3027}
		{F7ED354A-8662-4472-9C23-779D173165C7} = {6F585382-D00A-48E4-827F-D117138E3027}
		{747F63BB-B5E4-4886-A0E6-205B3FFF0CAC} = {6F585382-D00A-48E4-827F-D117138E3027}
		{B536A6BE-5F61-4020-A206-BE1E69CAC9A6} = {6F585382-D00A-48E4-827F-D117138E3027}
		{D661231C-AEBA-4956-B1D8-F3C1A9596A60} = {6F585382-D00A-48E4-827F-D117138E3027}
		{7390B623-0B46-4F72-B54E-A26EAE01F3BA} = {6F585382-D00A-48E4-827F-D117138E3027}
		{55B1EA8A-2730-48CA-AF40-EFBA9EA93258} = {6F585382-D00A-48E4-827F-D117138E3027}
		{95D2BD6A-09E5-466A-A4C2-361FCE43A7A6} = {6F585382-D00A-48E4-827F-D117138E3027}
		{1DE474E9-1E12-4BA3-B40C-3F5BFE1D498F} = {6F585382-D00A-48E4-827F-D117138E3027}
		{4AC40F4E-7399-4F47-8BF1-B1C058FE35FA} = {6F585382-D00A-48E4-827F-D117138E3027}
		{494E0A22-9A19-4A1E-80F3-791A8D8EB25F} = {6F585382-D00A-48E4-827F-D117138E3027}
		{50C63F73-F403-4E11-9FC3-98524A5D3C1B} = {6F585382-D00A-48E4-827F-D117138E3027}
		{9F23E10C-D0E5-4E09-AE48-4D8F0BB90A52} = {6F585382-D00A-48E4-827F-D117138E3027}
		{12F69220-7B10-4C29-B4BC-CBC4657E453A} = {6F585382-D00A-48E4-827F-D117138E3027}
		{BD4F4CC9-6BE2-4DB4-A7A5-FC3D3D29CB47} = {6F585382-D00A-48E4-827F-D117138E3027}
		{163E0E8A-0CE0-4638-AA49-45C8A6D6713C} = {5F30750E-FA36-481A-869C-62F907D5E83E}
		{DA448154-A7B0-4A31-966D-D155915F6CF0} = {6F585382-D00A-48E4-827F-D117138E3027}
		{C0607470-8D8C-4D38-8DCF-4A52EDD54523} = {6F585382-D00A-48E4-827F-D117138E3027}
		{F7583B43-2D47-45B9-9350-14374694BFE2} = {6F585382-D00A-48E4-827F-D117138E3027}
		{F0C5402A-F645-4892-AA2C-7F1D3DAD19E1} = {6F585382-D00A-48E4-827F-D117138E3027}
		{438505E0-87A0-4FCA-A747-CA879F3B5421} = {6F585382-D00A-48E4-827F-D117138E3027}
		{15E5FBD4-AEBF-4C40-B8B6-743DA428B33F} = {6F585382-D00A-48E4-827F-D117138E3027}
		{918B47D1-C4F3-42A3-BA69-B18DB7E424BD} = {6F585382-D00A-48E4-827F-D117138E3027}
		{550788BE-92F8-4601-A93A-A8485F83281C} = {6F585382-D00A-48E4-827F-D117138E3027}
		{9BF01A55-6D7B-4212-9911-0FF53D8A386B} = {6F585382-D00A-48E4-827F-D117138E3027}
		{DCCBCEF9-9FDE-4AE6-AE08-E392242CA315} = {6F585382-D00A-48E4-827F-D117138E3027}
		{13694794-359D-4298-BB67-C751E9A54A39} = {6F585382-D00A-48E4-827F-D117138E3027}
	EndGlobalSection
	GlobalSection(ExtensibilityGlobals) = postSolution
		SolutionGuid = {B906AA8E-176E-4E60-99CE-161C42D520BC}
	EndGlobalSection
EndGlobal
