
Microsoft Visual Studio Solution File, Format Version 12.00
# Visual Studio Version 16
VisualStudioVersion = 16.0.29728.190
MinimumVisualStudioVersion = 10.0.40219.1
Project("{9A19103F-16F7-4668-BE54-9A1E7A4F7556}") = "BookMyShowApp", "BookMyShowApp\BookMyShowApp.csproj", "{0CCE4FC3-6553-43ED-856F-07A04856B813}"
EndProject
Global
	GlobalSection(SolutionConfigurationPlatforms) = preSolution
		Debug|Any CPU = Debug|Any CPU
		Release|Any CPU = Release|Any CPU
	EndGlobalSection
	GlobalSection(ProjectConfigurationPlatforms) = postSolution
		{0CCE4FC3-6553-43ED-856F-07A04856B813}.Debug|Any CPU.ActiveCfg = Debug|Any CPU
		{0CCE4FC3-6553-43ED-856F-07A04856B813}.Debug|Any CPU.Build.0 = Debug|Any CPU
		{0CCE4FC3-6553-43ED-856F-07A04856B813}.Release|Any CPU.ActiveCfg = Release|Any CPU
		{0CCE4FC3-6553-43ED-856F-07A04856B813}.Release|Any CPU.Build.0 = Release|Any CPU
	EndGlobalSection
	GlobalSection(SolutionProperties) = preSolution
		HideSolutionNode = FALSE
	EndGlobalSection
	GlobalSection(ExtensibilityGlobals) = postSolution
		SolutionGuid = {C516CFCF-9597-423B-842A-38F239ED67E4}
	EndGlobalSection
EndGlobal
